// !$*UTF8*$!
{
	archiveVersion = 1;
	classes = {
	};
	objectVersion = 77;
	objects = {

/* Begin PBXBuildFile section */
		D34C88D42F5DFA4A00B4F94E /* argon2 in Frameworks */ = {isa = PBXBuildFile; productRef = D39E00022F54F000005FAE7B /* argon2 */; };
/* End PBXBuildFile section */

/* Begin PBXContainerItemProxy section */
		D36T000A2F55000000720950 /* PBXContainerItemProxy */ = {
			isa = PBXContainerItemProxy;
			containerPortal = D3606AD62F5238EF00720950 /* Project object */;
			proxyType = 1;
			remoteGlobalIDString = D3606ADD2F5238EF00720950;
			remoteInfo = ClipboardEnvy;
		};
/* End PBXContainerItemProxy section */

/* Begin PBXFileReference section */
		D3606ADE2F5238EF00720950 /* Clipboard Envy.app */ = {isa = PBXFileReference; explicitFileType = wrapper.application; includeInIndex = 0; path = "Clipboard Envy.app"; sourceTree = BUILT_PRODUCTS_DIR; };
		D3606AE12F5238F100720950 /* ClipboardEnvy/Version.xcconfig */ = {isa = PBXFileReference; lastKnownFileType = text.xcconfig; path = ClipboardEnvy/Version.xcconfig; sourceTree = SOURCE_ROOT; };
		D36T00012F55000000720950 /* ClipboardEnvyTests.xctest */ = {isa = PBXFileReference; explicitFileType = wrapper.cfbundle; includeInIndex = 0; path = ClipboardEnvyTests.xctest; sourceTree = BUILT_PRODUCTS_DIR; };
/* End PBXFileReference section */

/* Begin PBXFileSystemSynchronizedRootGroup section */
		D3606AE02F5238EF00720950 /* ClipboardEnvy */ = {
			isa = PBXFileSystemSynchronizedRootGroup;
			path = ClipboardEnvy;
			sourceTree = "<group>";
		};
		D36T00022F55000000720950 /* ClipboardEnvyTests */ = {
			isa = PBXFileSystemSynchronizedRootGroup;
			path = ClipboardEnvyTests;
			sourceTree = "<group>";
		};
/* End PBXFileSystemSynchronizedRootGroup section */

/* Begin PBXFrameworksBuildPhase section */
		D3606ADB2F5238EF00720950 /* Frameworks */ = {
			isa = PBXFrameworksBuildPhase;
			buildActionMask = 2147483647;
			files = (
				D34C88D42F5DFA4A00B4F94E /* argon2 in Frameworks */,
			);
			runOnlyForDeploymentPostprocessing = 0;
		};
		D36T00042F55000000720950 /* Frameworks */ = {
			isa = PBXFrameworksBuildPhase;
			buildActionMask = 2147483647;
			files = (
			);
			runOnlyForDeploymentPostprocessing = 0;
		};
/* End PBXFrameworksBuildPhase section */

/* Begin PBXGroup section */
		D3606AD52F5238EF00720950 = {
			isa = PBXGroup;
			children = (
				D3606AE02F5238EF00720950 /* ClipboardEnvy */,
				D36T00022F55000000720950 /* ClipboardEnvyTests */,
				D3606ADF2F5238EF00720950 /* Products */,
				D39CE0092F54E833005FAE7B /* Recovered References */,
			);
			sourceTree = "<group>";
		};
		D3606ADF2F5238EF00720950 /* Products */ = {
			isa = PBXGroup;
			children = (
				D3606ADE2F5238EF00720950 /* Clipboard Envy.app */,
				D36T00012F55000000720950 /* ClipboardEnvyTests.xctest */,
			);
			name = Products;
			sourceTree = "<group>";
		};
		D39CE0092F54E833005FAE7B /* Recovered References */ = {
			isa = PBXGroup;
			children = (
				D3606AE12F5238F100720950 /* ClipboardEnvy/Version.xcconfig */,
			);
			name = "Recovered References";
			sourceTree = "<group>";
		};
/* End PBXGroup section */

/* Begin PBXNativeTarget section */
		D3606ADD2F5238EF00720950 /* ClipboardEnvy */ = {
			isa = PBXNativeTarget;
			buildConfigurationList = D3606AEB2F5238F000720950 /* Build configuration list for PBXNativeTarget "ClipboardEnvy" */;
			buildPhases = (
				D3606AE22F5238F100720950 /* Generate Build Info */,
				D3606ADA2F5238EF00720950 /* Sources */,
				D3606ADB2F5238EF00720950 /* Frameworks */,
				D3606ADC2F5238EF00720950 /* Resources */,
				D379ECBB2F52600000A9EFED /* Copy to dist */,
			);
			buildRules = (
			);
			dependencies = (
			);
			fileSystemSynchronizedGroups = (
				D3606AE02F5238EF00720950 /* ClipboardEnvy */,
			);
			name = ClipboardEnvy;
			packageProductDependencies = (
				D39E00022F54F000005FAE7B /* argon2 */,
			);
			productName = ClipboardEnvy;
			productReference = D3606ADE2F5238EF00720950 /* Clipboard Envy.app */;
			productType = "com.apple.product-type.application";
		};
		D36T00052F55000000720950 /* ClipboardEnvyTests */ = {
			isa = PBXNativeTarget;
			buildConfigurationList = D36T00062F55000000720950 /* Build configuration list for PBXNativeTarget "ClipboardEnvyTests" */;
			buildPhases = (
				D36T00072F55000000720950 /* Sources */,
				D36T00042F55000000720950 /* Frameworks */,
				D36T00082F55000000720950 /* Resources */,
			);
			buildRules = (
			);
			dependencies = (
				D36T00092F55000000720950 /* PBXTargetDependency */,
			);
			fileSystemSynchronizedGroups = (
				D36T00022F55000000720950 /* ClipboardEnvyTests */,
			);
			name = ClipboardEnvyTests;
			packageProductDependencies = (
			);
			productName = ClipboardEnvyTests;
			productReference = D36T00012F55000000720950 /* ClipboardEnvyTests.xctest */;
			productType = "com.apple.product-type.bundle.unit-test";
		};
/* End PBXNativeTarget section */

/* Begin PBXProject section */
		D3606AD62F5238EF00720950 /* Project object */ = {
			isa = PBXProject;
			attributes = {
				BuildIndependentTargetsInParallel = 1;
				LastSwiftUpdateCheck = 2630;
				LastUpgradeCheck = 2630;
				TargetAttributes = {
					D3606ADD2F5238EF00720950 = {
						CreatedOnToolsVersion = 26.3;
					};
				};
			};
			buildConfigurationList = D3606AD92F5238EF00720950 /* Build configuration list for PBXProject "ClipboardEnvy" */;
			developmentRegion = en;
			hasScannedForEncodings = 0;
			knownRegions = (
				en,
				Base,
			);
			mainGroup = D3606AD52F5238EF00720950;
			minimizedProjectReferenceProxies = 1;
			packageReferences = (
				D39E00012F54F000005FAE7B /* XCRemoteSwiftPackageReference "phc-winner-argon2" */,
			);
			preferredProjectObjectVersion = 77;
			productRefGroup = D3606ADF2F5238EF00720950 /* Products */;
			projectDirPath = "";
			projectRoot = "";
			targets = (
				D3606ADD2F5238EF00720950 /* ClipboardEnvy */,
				D36T00052F55000000720950 /* ClipboardEnvyTests */,
			);
		};
/* End PBXProject section */

/* Begin PBXResourcesBuildPhase section */
		D3606ADC2F5238EF00720950 /* Resources */ = {
			isa = PBXResourcesBuildPhase;
			buildActionMask = 2147483647;
			files = (
			);
			runOnlyForDeploymentPostprocessing = 0;
		};
		D36T00082F55000000720950 /* Resources */ = {
			isa = PBXResourcesBuildPhase;
			buildActionMask = 2147483647;
			files = (
			);
			runOnlyForDeploymentPostprocessing = 0;
		};
/* End PBXResourcesBuildPhase section */

/* Begin PBXShellScriptBuildPhase section */
		D3606AE22F5238F100720950 /* Generate Build Info */ = {
			isa = PBXShellScriptBuildPhase;
			buildActionMask = 2147483647;
			files = (
			);
			inputFileListPaths = (
			);
			inputPaths = (
			);
			name = "Generate Build Info";
			outputFileListPaths = (
			);
			outputPaths = (
				"${SRCROOT}/ClipboardEnvy/BuildInfo.generated.swift",
			);
			runOnlyForDeploymentPostprocessing = 0;
			shellPath = /bin/sh;
			shellScript = "COMMIT=$(git -C \"${SRCROOT}\" rev-parse HEAD 2>/dev/null) || COMMIT=\"unknown\"\nDATE=$(date -u +\"%Y-%m-%dT%H:%M:%S.000Z\" 2>/dev/null) || DATE=\"unknown\"\nCONFIG=\"${CONFIGURATION}\"\nARCH=\"${ARCHS}\"\n[ -z \"$ARCH\" ] && ARCH=$(uname -m)\ncase \"$ARCH\" in *\" \"*) ARCH=\"Universal\";; esac\nARCH=$(echo \"$ARCH\" | cut -d' ' -f1)\nescape() { echo \"$1\" | sed 's/\\\\/\\\\\\\\/g; s/\"/\\\\\"/g'; }\nCOMMIT_ESC=$(escape \"$COMMIT\")\nDATE_ESC=$(escape \"$DATE\")\nCONFIG_ESC=$(escape \"$CONFIG\")\nARCH_ESC=$(escape \"$ARCH\")\ncat > \"${SRCROOT}/ClipboardEnvy/BuildInfo.generated.swift\" << EOF\n// Generated by Run Script - do not edit\nenum BuildInfoGenerated {\n    static let buildCommit = \"${COMMIT_ESC}\"\n    static let buildDate = \"${DATE_ESC}\"\n    static let buildConfiguration = \"${CONFIG_ESC}\"\n    static let buildArch = \"${ARCH_ESC}\"\n}\nEOF\n";
		};
		D379ECBB2F52600000A9EFED /* Copy to dist */ = {
			isa = PBXShellScriptBuildPhase;
			alwaysOutOfDate = 1;
			buildActionMask = 2147483647;
			files = (
			);
			inputFileListPaths = (
			);
			inputPaths = (
			);
			name = "Copy to dist";
			outputFileListPaths = (
			);
			outputPaths = (
			);
			runOnlyForDeploymentPostprocessing = 0;
			shellPath = /bin/sh;
			shellScript = "mkdir -p \"${PROJECT_DIR}/dist\"\ncp -R \"${BUILT_PRODUCTS_DIR}/${PRODUCT_NAME}.app\" \"${PROJECT_DIR}/dist/\"\necho \"Clipboard Envy.app copied to ${PROJECT_DIR}/dist/\"\n";
		};
/* End PBXShellScriptBuildPhase section */

/* Begin PBXSourcesBuildPhase section */
		D3606ADA2F5238EF00720950 /* Sources */ = {
			isa = PBXSourcesBuildPhase;
			buildActionMask = 2147483647;
			files = (
			);
			runOnlyForDeploymentPostprocessing = 0;
		};
		D36T00072F55000000720950 /* Sources */ = {
			isa = PBXSourcesBuildPhase;
			buildActionMask = 2147483647;
			files = (
			);
			runOnlyForDeploymentPostprocessing = 0;
		};
/* End PBXSourcesBuildPhase section */

/* Begin PBXTargetDependency section */
		D36T00092F55000000720950 /* PBXTargetDependency */ = {
			isa = PBXTargetDependency;
			target = D3606ADD2F5238EF00720950 /* ClipboardEnvy */;
			targetProxy = D36T000A2F55000000720950 /* PBXContainerItemProxy */;
		};
/* End PBXTargetDependency section */

/* Begin XCBuildConfiguration section */
		D3606AE92F5238F000720950 /* Debug */ = {
			isa = XCBuildConfiguration;
			buildSettings = {
				ALWAYS_SEARCH_USER_PATHS = NO;
				ASSETCATALOG_COMPILER_GENERATE_SWIFT_ASSET_SYMBOL_EXTENSIONS = YES;
				CLANG_ANALYZER_NONNULL = YES;
				CLANG_ANALYZER_NUMBER_OBJECT_CONVERSION = YES_AGGRESSIVE;
				CLANG_CXX_LANGUAGE_STANDARD = "gnu++20";
				CLANG_ENABLE_MODULES = YES;
				CLANG_ENABLE_OBJC_ARC = YES;
				CLANG_ENABLE_OBJC_WEAK = YES;
				CLANG_WARN_BLOCK_CAPTURE_AUTORELEASING = YES;
				CLANG_WARN_BOOL_CONVERSION = YES;
				CLANG_WARN_COMMA = YES;
				CLANG_WARN_CONSTANT_CONVERSION = YES;
				CLANG_WARN_DEPRECATED_OBJC_IMPLEMENTATIONS = YES;
				CLANG_WARN_DIRECT_OBJC_ISA_USAGE = YES_ERROR;
				CLANG_WARN_DOCUMENTATION_COMMENTS = YES;
				CLANG_WARN_EMPTY_BODY = YES;
				CLANG_WARN_ENUM_CONVERSION = YES;
				CLANG_WARN_INFINITE_RECURSION = YES;
				CLANG_WARN_INT_CONVERSION = YES;
				CLANG_WARN_NON_LITERAL_NULL_CONVERSION = YES;
				CLANG_WARN_OBJC_IMPLICIT_RETAIN_SELF = YES;
				CLANG_WARN_OBJC_LITERAL_CONVERSION = YES;
				CLANG_WARN_OBJC_ROOT_CLASS = YES_ERROR;
				CLANG_WARN_QUOTED_INCLUDE_IN_FRAMEWORK_HEADER = YES;
				CLANG_WARN_RANGE_LOOP_ANALYSIS = YES;
				CLANG_WARN_STRICT_PROTOTYPES = YES;
				CLANG_WARN_SUSPICIOUS_MOVE = YES;
				CLANG_WARN_UNGUARDED_AVAILABILITY = YES_AGGRESSIVE;
				CLANG_WARN_UNREACHABLE_CODE = YES;
				CLANG_WARN__DUPLICATE_METHOD_MATCH = YES;
				COPY_PHASE_STRIP = NO;
				DEBUG_INFORMATION_FORMAT = dwarf;
				ENABLE_STRICT_OBJC_MSGSEND = YES;
				ENABLE_TESTABILITY = YES;
				ENABLE_USER_SCRIPT_SANDBOXING = NO;
				GCC_C_LANGUAGE_STANDARD = gnu17;
				GCC_DYNAMIC_NO_PIC = NO;
				GCC_NO_COMMON_BLOCKS = YES;
				GCC_OPTIMIZATION_LEVEL = 0;
				GCC_PREPROCESSOR_DEFINITIONS = (
					"DEBUG=1",
					"$(inherited)",
				);
				GCC_WARN_64_TO_32_BIT_CONVERSION = YES;
				GCC_WARN_ABOUT_RETURN_TYPE = YES_ERROR;
				GCC_WARN_UNDECLARED_SELECTOR = YES;
				GCC_WARN_UNINITIALIZED_AUTOS = YES_AGGRESSIVE;
				GCC_WARN_UNUSED_FUNCTION = YES;
				GCC_WARN_UNUSED_VARIABLE = YES;
				LOCALIZATION_PREFERS_STRING_CATALOGS = YES;
				MACOSX_DEPLOYMENT_TARGET = 14.0;
				MTL_ENABLE_DEBUG_INFO = INCLUDE_SOURCE;
				MTL_FAST_MATH = YES;
				ONLY_ACTIVE_ARCH = YES;
				SDKROOT = macosx;
				SWIFT_ACTIVE_COMPILATION_CONDITIONS = "DEBUG $(inherited)";
				SWIFT_OPTIMIZATION_LEVEL = "-Onone";
			};
			name = Debug;
		};
		D3606AEA2F5238F000720950 /* Release */ = {
			isa = XCBuildConfiguration;
			buildSettings = {
				ALWAYS_SEARCH_USER_PATHS = NO;
				ASSETCATALOG_COMPILER_GENERATE_SWIFT_ASSET_SYMBOL_EXTENSIONS = YES;
				CLANG_ANALYZER_NONNULL = YES;
				CLANG_ANALYZER_NUMBER_OBJECT_CONVERSION = YES_AGGRESSIVE;
				CLANG_CXX_LANGUAGE_STANDARD = "gnu++20";
				CLANG_ENABLE_MODULES = YES;
				CLANG_ENABLE_OBJC_ARC = YES;
				CLANG_ENABLE_OBJC_WEAK = YES;
				CLANG_WARN_BLOCK_CAPTURE_AUTORELEASING = YES;
				CLANG_WARN_BOOL_CONVERSION = YES;
				CLANG_WARN_COMMA = YES;
				CLANG_WARN_CONSTANT_CONVERSION = YES;
				CLANG_WARN_DEPRECATED_OBJC_IMPLEMENTATIONS = YES;
				CLANG_WARN_DIRECT_OBJC_ISA_USAGE = YES_ERROR;
				CLANG_WARN_DOCUMENTATION_COMMENTS = YES;
				CLANG_WARN_EMPTY_BODY = YES;
				CLANG_WARN_ENUM_CONVERSION = YES;
				CLANG_WARN_INFINITE_RECURSION = YES;
				CLANG_WARN_INT_CONVERSION = YES;
				CLANG_WARN_NON_LITERAL_NULL_CONVERSION = YES;
				CLANG_WARN_OBJC_IMPLICIT_RETAIN_SELF = YES;
				CLANG_WARN_OBJC_LITERAL_CONVERSION = YES;
				CLANG_WARN_OBJC_ROOT_CLASS = YES_ERROR;
				CLANG_WARN_QUOTED_INCLUDE_IN_FRAMEWORK_HEADER = YES;
				CLANG_WARN_RANGE_LOOP_ANALYSIS = YES;
				CLANG_WARN_STRICT_PROTOTYPES = YES;
				CLANG_WARN_SUSPICIOUS_MOVE = YES;
				CLANG_WARN_UNGUARDED_AVAILABILITY = YES_AGGRESSIVE;
				CLANG_WARN_UNREACHABLE_CODE = YES;
				CLANG_WARN__DUPLICATE_METHOD_MATCH = YES;
				COPY_PHASE_STRIP = NO;
				DEBUG_INFORMATION_FORMAT = "dwarf-with-dsym";
				ENABLE_NS_ASSERTIONS = NO;
				ENABLE_STRICT_OBJC_MSGSEND = YES;
				ENABLE_USER_SCRIPT_SANDBOXING = NO;
				GCC_C_LANGUAGE_STANDARD = gnu17;
				GCC_NO_COMMON_BLOCKS = YES;
				GCC_WARN_64_TO_32_BIT_CONVERSION = YES;
				GCC_WARN_ABOUT_RETURN_TYPE = YES_ERROR;
				GCC_WARN_UNDECLARED_SELECTOR = YES;
				GCC_WARN_UNINITIALIZED_AUTOS = YES_AGGRESSIVE;
				GCC_WARN_UNUSED_FUNCTION = YES;
				GCC_WARN_UNUSED_VARIABLE = YES;
				LOCALIZATION_PREFERS_STRING_CATALOGS = YES;
				MACOSX_DEPLOYMENT_TARGET = 14.0;
				MTL_ENABLE_DEBUG_INFO = NO;
				MTL_FAST_MATH = YES;
				SDKROOT = macosx;
				SWIFT_COMPILATION_MODE = wholemodule;
			};
			name = Release;
		};
		D3606AEC2F5238F000720950 /* Debug */ = {
			isa = XCBuildConfiguration;
			baseConfigurationReference = D3606AE12F5238F100720950 /* ClipboardEnvy/Version.xcconfig */;
			buildSettings = {
				ASSETCATALOG_COMPILER_APPICON_NAME = AppIcon;
				ASSETCATALOG_COMPILER_GLOBAL_ACCENT_COLOR_NAME = AccentColor;
				CODE_SIGN_IDENTITY = "Apple Development";
				CODE_SIGN_STYLE = Automatic;
				COMBINE_HIDPI_IMAGES = YES;
				CURRENT_PROJECT_VERSION = 8;
				DEVELOPMENT_TEAM = 86G4NP75W9;
				ENABLE_APP_SANDBOX = YES;
				ENABLE_INCOMING_NETWORK_CONNECTIONS = NO;
				ENABLE_OUTGOING_NETWORK_CONNECTIONS = NO;
				ENABLE_PREVIEWS = YES;
				ENABLE_RESOURCE_ACCESS_AUDIO_INPUT = NO;
				ENABLE_RESOURCE_ACCESS_BLUETOOTH = NO;
				ENABLE_RESOURCE_ACCESS_CALENDARS = NO;
				ENABLE_RESOURCE_ACCESS_CAMERA = NO;
				ENABLE_RESOURCE_ACCESS_CONTACTS = NO;
				ENABLE_RESOURCE_ACCESS_LOCATION = NO;
				ENABLE_RESOURCE_ACCESS_PRINTING = NO;
				ENABLE_RESOURCE_ACCESS_USB = NO;
				GENERATE_INFOPLIST_FILE = YES;
				INFOPLIST_KEY_LSApplicationCategoryType = "public.app-category.productivity";
				INFOPLIST_KEY_LSUIElement = YES;
				INFOPLIST_KEY_NSHumanReadableCopyright = "Copyright © 2026 Centennial OSS";
				LD_RUNPATH_SEARCH_PATHS = (
					"$(inherited)",
					"@executable_path/../Frameworks",
				);
				MARKETING_VERSION = 1.3.0;
				PRODUCT_BUNDLE_IDENTIFIER = org.centennialoss.snipstash;
				PRODUCT_NAME = "Clipboard Envy";
				PROVISIONING_PROFILE_SPECIFIER = "";
				REGISTER_APP_GROUPS = YES;
				STRING_CATALOG_GENERATE_SYMBOLS = YES;
				SWIFT_APPROACHABLE_CONCURRENCY = YES;
				SWIFT_DEFAULT_ACTOR_ISOLATION = MainActor;
				SWIFT_EMIT_LOC_STRINGS = YES;
				SWIFT_UPCOMING_FEATURE_MEMBER_IMPORT_VISIBILITY = YES;
				SWIFT_VERSION = 5.0;
			};
			name = Debug;
		};
		D3606AED2F5238F000720950 /* Release */ = {
			isa = XCBuildConfiguration;
			baseConfigurationReference = D3606AE12F5238F100720950 /* ClipboardEnvy/Version.xcconfig */;
			buildSettings = {
				ASSETCATALOG_COMPILER_APPICON_NAME = AppIcon;
				ASSETCATALOG_COMPILER_GLOBAL_ACCENT_COLOR_NAME = AccentColor;
				CODE_SIGN_IDENTITY = "Apple Development";
				CODE_SIGN_STYLE = Automatic;
				COMBINE_HIDPI_IMAGES = YES;
				CURRENT_PROJECT_VERSION = 8;
				DEVELOPMENT_TEAM = 86G4NP75W9;
				ENABLE_APP_SANDBOX = YES;
				ENABLE_INCOMING_NETWORK_CONNECTIONS = NO;
				ENABLE_OUTGOING_NETWORK_CONNECTIONS = NO;
				ENABLE_PREVIEWS = YES;
				ENABLE_RESOURCE_ACCESS_AUDIO_INPUT = NO;
				ENABLE_RESOURCE_ACCESS_BLUETOOTH = NO;
				ENABLE_RESOURCE_ACCESS_CALENDARS = NO;
				ENABLE_RESOURCE_ACCESS_CAMERA = NO;
				ENABLE_RESOURCE_ACCESS_CONTACTS = NO;
				ENABLE_RESOURCE_ACCESS_LOCATION = NO;
				ENABLE_RESOURCE_ACCESS_PRINTING = NO;
				ENABLE_RESOURCE_ACCESS_USB = NO;
				GENERATE_INFOPLIST_FILE = YES;
				INFOPLIST_KEY_LSApplicationCategoryType = "public.app-category.productivity";
				INFOPLIST_KEY_LSUIElement = YES;
				INFOPLIST_KEY_NSHumanReadableCopyright = "Copyright © 2026 Centennial OSS";
				LD_RUNPATH_SEARCH_PATHS = (
					"$(inherited)",
					"@executable_path/../Frameworks",
				);
				MARKETING_VERSION = 1.3.0;
				PRODUCT_BUNDLE_IDENTIFIER = org.centennialoss.snipstash;
				PRODUCT_NAME = "Clipboard Envy";
				PROVISIONING_PROFILE_SPECIFIER = "";
				REGISTER_APP_GROUPS = YES;
				STRING_CATALOG_GENERATE_SYMBOLS = YES;
				SWIFT_APPROACHABLE_CONCURRENCY = YES;
				SWIFT_DEFAULT_ACTOR_ISOLATION = MainActor;
				SWIFT_EMIT_LOC_STRINGS = YES;
				SWIFT_UPCOMING_FEATURE_MEMBER_IMPORT_VISIBILITY = YES;
				SWIFT_VERSION = 5.0;
			};
			name = Release;
		};
		D36T000B2F55000000720950 /* Debug */ = {
			isa = XCBuildConfiguration;
			buildSettings = {
				BUNDLE_LOADER = "$(BUILT_PRODUCTS_DIR)/Clipboard Envy.app/Contents/MacOS/Clipboard Envy";
				CODE_SIGN_STYLE = Automatic;
				CURRENT_PROJECT_VERSION = 1;
				DEVELOPMENT_TEAM = 86G4NP75W9;
				GENERATE_INFOPLIST_FILE = YES;
				MACOSX_DEPLOYMENT_TARGET = 14.0;
				MARKETING_VERSION = 1.0;
				PRODUCT_BUNDLE_IDENTIFIER = org.centennialoss.snipstash.ClipboardEnvyTests;
				PRODUCT_NAME = "$(TARGET_NAME)";
				SWIFT_EMIT_LOC_STRINGS = NO;
				SWIFT_VERSION = 5.0;
				TEST_HOST = "$(BUNDLE_LOADER)";
			};
			name = Debug;
		};
		D36T000C2F55000000720950 /* Release */ = {
			isa = XCBuildConfiguration;
			buildSettings = {
				BUNDLE_LOADER = "$(BUILT_PRODUCTS_DIR)/Clipboard Envy.app/Contents/MacOS/Clipboard Envy";
				CODE_SIGN_STYLE = Automatic;
				CURRENT_PROJECT_VERSION = 1;
				DEVELOPMENT_TEAM = 86G4NP75W9;
				GENERATE_INFOPLIST_FILE = YES;
				MACOSX_DEPLOYMENT_TARGET = 14.0;
				MARKETING_VERSION = 1.0;
				PRODUCT_BUNDLE_IDENTIFIER = org.centennialoss.snipstash.ClipboardEnvyTests;
				PRODUCT_NAME = "$(TARGET_NAME)";
				SWIFT_EMIT_LOC_STRINGS = NO;
				SWIFT_VERSION = 5.0;
				TEST_HOST = "$(BUNDLE_LOADER)";
			};
			name = Release;
		};
/* End XCBuildConfiguration section */

/* Begin XCConfigurationList section */
		D3606AD92F5238EF00720950 /* Build configuration list for PBXProject "ClipboardEnvy" */ = {
			isa = XCConfigurationList;
			buildConfigurations = (
				D3606AE92F5238F000720950 /* Debug */,
				D3606AEA2F5238F000720950 /* Release */,
			);
			defaultConfigurationIsVisible = 0;
			defaultConfigurationName = Release;
		};
		D3606AEB2F5238F000720950 /* Build configuration list for PBXNativeTarget "ClipboardEnvy" */ = {
			isa = XCConfigurationList;
			buildConfigurations = (
				D3606AEC2F5238F000720950 /* Debug */,
				D3606AED2F5238F000720950 /* Release */,
			);
			defaultConfigurationIsVisible = 0;
			defaultConfigurationName = Release;
		};
		D36T00062F55000000720950 /* Build configuration list for PBXNativeTarget "ClipboardEnvyTests" */ = {
			isa = XCConfigurationList;
			buildConfigurations = (
				D36T000B2F55000000720950 /* Debug */,
				D36T000C2F55000000720950 /* Release */,
			);
			defaultConfigurationIsVisible = 0;
			defaultConfigurationName = Release;
		};
/* End XCConfigurationList section */

/* Begin XCRemoteSwiftPackageReference section */
		D39E00012F54F000005FAE7B /* XCRemoteSwiftPackageReference "phc-winner-argon2" */ = {
			isa = XCRemoteSwiftPackageReference;
			repositoryURL = "https://github.com/P-H-C/phc-winner-argon2.git";
			requirement = {
				branch = master;
				kind = branch;
			};
		};
/* End XCRemoteSwiftPackageReference section */

/* Begin XCSwiftPackageProductDependency section */
		D39E00022F54F000005FAE7B /* argon2 */ = {
			isa = XCSwiftPackageProductDependency;
			package = D39E00012F54F000005FAE7B /* XCRemoteSwiftPackageReference "phc-winner-argon2" */;
			productName = argon2;
		};
/* End XCSwiftPackageProductDependency section */
	};
	rootObject = D3606AD62F5238EF00720950 /* Project object */;
}
